// !$*UTF8*$!
{
	archiveVersion = 1;
	classes = {
	};
	objectVersion = 55;
	objects = {

/* Begin PBXBuildFile section */
		88EEB4783C367B342AAE6B2D /* Pods_2FA.framework in Frameworks */ = {isa = PBXBuildFile; fileRef = 308653AB6DCBAEF4B1E27D03 /* Pods_2FA.framework */; };
		F99DE90227E079B600946050 /* URLHandler.swift in Sources */ = {isa = PBXBuildFile; fileRef = F99DE90127E079B600946050 /* URLHandler.swift */; };
		F99DE90427E07BC500946050 /* OTPViewController.swift in Sources */ = {isa = PBXBuildFile; fileRef = F99DE90327E07BC500946050 /* OTPViewController.swift */; };
		F99DE91127E0A3B200946050 /* Constants.swift in Sources */ = {isa = PBXBuildFile; fileRef = F99DE91027E0A3B200946050 /* Constants.swift */; };
		F99DE91427E0A59800946050 /* SignUp.swift in Sources */ = {isa = PBXBuildFile; fileRef = F99DE91327E0A59800946050 /* SignUp.swift */; };
		F99DE91627E0B17C00946050 /* UITextfield+Additions.swift in Sources */ = {isa = PBXBuildFile; fileRef = F99DE91527E0B17C00946050 /* UITextfield+Additions.swift */; };
		F9D38E4F27DF8680006500BD /* UserDefaults+Additions.swift in Sources */ = {isa = PBXBuildFile; fileRef = F9D38E4E27DF8680006500BD /* UserDefaults+Additions.swift */; };
		F9D38E5327DF876E006500BD /* PhoneNumberViewController.swift in Sources */ = {isa = PBXBuildFile; fileRef = F9D38E5227DF876E006500BD /* PhoneNumberViewController.swift */; };
		F9D38E5527DF925B006500BD /* String+Additions.swift in Sources */ = {isa = PBXBuildFile; fileRef = F9D38E5427DF925B006500BD /* String+Additions.swift */; };
		F9D38E5727DF93CC006500BD /* UIView+Additions.swift in Sources */ = {isa = PBXBuildFile; fileRef = F9D38E5627DF93CC006500BD /* UIView+Additions.swift */; };
		F9EBAD3427DF5B31001677F8 /* AppDelegate.swift in Sources */ = {isa = PBXBuildFile; fileRef = F9EBAD3327DF5B31001677F8 /* AppDelegate.swift */; };
		F9EBAD3827DF5B31001677F8 /* LoginViewContoller.swift in Sources */ = {isa = PBXBuildFile; fileRef = F9EBAD3727DF5B31001677F8 /* LoginViewContoller.swift */; };
		F9EBAD3B27DF5B31001677F8 /* Main.storyboard in Resources */ = {isa = PBXBuildFile; fileRef = F9EBAD3927DF5B31001677F8 /* Main.storyboard */; };
		F9EBAD3D27DF5B32001677F8 /* Assets.xcassets in Resources */ = {isa = PBXBuildFile; fileRef = F9EBAD3C27DF5B32001677F8 /* Assets.xcassets */; };
		F9EBAD4027DF5B32001677F8 /* LaunchScreen.storyboard in Resources */ = {isa = PBXBuildFile; fileRef = F9EBAD3E27DF5B32001677F8 /* LaunchScreen.storyboard */; };
		F9EBAD4A27DF6801001677F8 /* CustomColors.swift in Sources */ = {isa = PBXBuildFile; fileRef = F9EBAD4927DF6801001677F8 /* CustomColors.swift */; };
		F9EBAD5027DF6A77001677F8 /* FAHelper.swift in Sources */ = {isa = PBXBuildFile; fileRef = F9EBAD4F27DF6A77001677F8 /* FAHelper.swift */; };
/* End PBXBuildFile section */

/* Begin PBXFileReference section */
		1D79429CAEE1D1F3DB2DCE26 /* Pods-2FA.release.xcconfig */ = {isa = PBXFileReference; includeInIndex = 1; lastKnownFileType = text.xcconfig; name = "Pods-2FA.release.xcconfig"; path = "Target Support Files/Pods-2FA/Pods-2FA.release.xcconfig"; sourceTree = "<group>"; };
		308653AB6DCBAEF4B1E27D03 /* Pods_2FA.framework */ = {isa = PBXFileReference; explicitFileType = wrapper.framework; includeInIndex = 0; path = Pods_2FA.framework; sourceTree = BUILT_PRODUCTS_DIR; };
		DB70866092EC5CACF84226FA /* Pods-2FA.debug.xcconfig */ = {isa = PBXFileReference; includeInIndex = 1; lastKnownFileType = text.xcconfig; name = "Pods-2FA.debug.xcconfig"; path = "Target Support Files/Pods-2FA/Pods-2FA.debug.xcconfig"; sourceTree = "<group>"; };
		F99DE90127E079B600946050 /* URLHandler.swift */ = {isa = PBXFileReference; lastKnownFileType = sourcecode.swift; path = URLHandler.swift; sourceTree = "<group>"; };
		F99DE90327E07BC500946050 /* OTPViewController.swift */ = {isa = PBXFileReference; lastKnownFileType = sourcecode.swift; path = OTPViewController.swift; sourceTree = "<group>"; };
		F99DE91027E0A3B200946050 /* Constants.swift */ = {isa = PBXFileReference; lastKnownFileType = sourcecode.swift; path = Constants.swift; sourceTree = "<group>"; };
		F99DE91327E0A59800946050 /* SignUp.swift */ = {isa = PBXFileReference; lastKnownFileType = sourcecode.swift; path = SignUp.swift; sourceTree = "<group>"; };
		F99DE91527E0B17C00946050 /* UITextfield+Additions.swift */ = {isa = PBXFileReference; lastKnownFileType = sourcecode.swift; path = "UITextfield+Additions.swift"; sourceTree = "<group>"; };
		F9D38E4E27DF8680006500BD /* UserDefaults+Additions.swift */ = {isa = PBXFileReference; lastKnownFileType = sourcecode.swift; path = "UserDefaults+Additions.swift"; sourceTree = "<group>"; };
		F9D38E5227DF876E006500BD /* PhoneNumberViewController.swift */ = {isa = PBXFileReference; lastKnownFileType = sourcecode.swift; path = PhoneNumberViewController.swift; sourceTree = "<group>"; };
		F9D38E5427DF925B006500BD /* String+Additions.swift */ = {isa = PBXFileReference; lastKnownFileType = sourcecode.swift; path = "String+Additions.swift"; sourceTree = "<group>"; };
		F9D38E5627DF93CC006500BD /* UIView+Additions.swift */ = {isa = PBXFileReference; lastKnownFileType = sourcecode.swift; path = "UIView+Additions.swift"; sourceTree = "<group>"; };
		F9EBAD3027DF5B31001677F8 /* 2FA.app */ = {isa = PBXFileReference; explicitFileType = wrapper.application; includeInIndex = 0; path = 2FA.app; sourceTree = BUILT_PRODUCTS_DIR; };
		F9EBAD3327DF5B31001677F8 /* AppDelegate.swift */ = {isa = PBXFileReference; lastKnownFileType = sourcecode.swift; path = AppDelegate.swift; sourceTree = "<group>"; };
		F9EBAD3727DF5B31001677F8 /* LoginViewContoller.swift */ = {isa = PBXFileReference; lastKnownFileType = sourcecode.swift; path = LoginViewContoller.swift; sourceTree = "<group>"; };
		F9EBAD3A27DF5B31001677F8 /* Base */ = {isa = PBXFileReference; lastKnownFileType = file.storyboard; name = Base; path = Base.lproj/Main.storyboard; sourceTree = "<group>"; };
		F9EBAD3C27DF5B32001677F8 /* Assets.xcassets */ = {isa = PBXFileReference; lastKnownFileType = folder.assetcatalog; path = Assets.xcassets; sourceTree = "<group>"; };
		F9EBAD3F27DF5B32001677F8 /* Base */ = {isa = PBXFileReference; lastKnownFileType = file.storyboard; name = Base; path = Base.lproj/LaunchScreen.storyboard; sourceTree = "<group>"; };
		F9EBAD4127DF5B32001677F8 /* Info.plist */ = {isa = PBXFileReference; lastKnownFileType = text.plist.xml; path = Info.plist; sourceTree = "<group>"; };
		F9EBAD4927DF6801001677F8 /* CustomColors.swift */ = {isa = PBXFileReference; lastKnownFileType = sourcecode.swift; path = CustomColors.swift; sourceTree = "<group>"; };
		F9EBAD4F27DF6A77001677F8 /* FAHelper.swift */ = {isa = PBXFileReference; lastKnownFileType = sourcecode.swift; path = FAHelper.swift; sourceTree = "<group>"; };
/* End PBXFileReference section */

/* Begin PBXFrameworksBuildPhase section */
		F9EBAD2D27DF5B31001677F8 /* Frameworks */ = {
			isa = PBXFrameworksBuildPhase;
			buildActionMask = 2147483647;
			files = (
				88EEB4783C367B342AAE6B2D /* Pods_2FA.framework in Frameworks */,
			);
			runOnlyForDeploymentPostprocessing = 0;
		};
/* End PBXFrameworksBuildPhase section */

/* Begin PBXGroup section */
		57BD8DE703B2F8625BA44885 /* Frameworks */ = {
			isa = PBXGroup;
			children = (
				308653AB6DCBAEF4B1E27D03 /* Pods_2FA.framework */,
			);
			name = Frameworks;
			sourceTree = "<group>";
		};
		815EF50B53AA303553320853 /* Pods */ = {
			isa = PBXGroup;
			children = (
				DB70866092EC5CACF84226FA /* Pods-2FA.debug.xcconfig */,
				1D79429CAEE1D1F3DB2DCE26 /* Pods-2FA.release.xcconfig */,
			);
			path = Pods;
			sourceTree = "<group>";
		};
		F99DE91227E0A57E00946050 /* Models */ = {
			isa = PBXGroup;
			children = (
				F99DE91327E0A59800946050 /* SignUp.swift */,
			);
			path = Models;
			sourceTree = "<group>";
		};
		F9D38E4D27DF8663006500BD /* Extensions */ = {
			isa = PBXGroup;
			children = (
				F9D38E4E27DF8680006500BD /* UserDefaults+Additions.swift */,
				F9D38E5427DF925B006500BD /* String+Additions.swift */,
				F9D38E5627DF93CC006500BD /* UIView+Additions.swift */,
				F99DE91527E0B17C00946050 /* UITextfield+Additions.swift */,
			);
			path = Extensions;
			sourceTree = "<group>";
		};
		F9EBAD2727DF5B31001677F8 = {
			isa = PBXGroup;
			children = (
				F9EBAD3227DF5B31001677F8 /* 2FA */,
				F9EBAD3127DF5B31001677F8 /* Products */,
				815EF50B53AA303553320853 /* Pods */,
				57BD8DE703B2F8625BA44885 /* Frameworks */,
			);
			sourceTree = "<group>";
		};
		F9EBAD3127DF5B31001677F8 /* Products */ = {
			isa = PBXGroup;
			children = (
				F9EBAD3027DF5B31001677F8 /* 2FA.app */,
			);
			name = Products;
			sourceTree = "<group>";
		};
		F9EBAD3227DF5B31001677F8 /* 2FA */ = {
			isa = PBXGroup;
			children = (
				F99DE91227E0A57E00946050 /* Models */,
				F9D38E4D27DF8663006500BD /* Extensions */,
				F9EBAD4E27DF6A3D001677F8 /* Helpers */,
				F9EBAD4D27DF6A00001677F8 /* Storyboards */,
				F9EBAD4C27DF69E3001677F8 /* Controllers */,
				F9EBAD4827DF67AF001677F8 /* Utilities */,
				F9EBAD3327DF5B31001677F8 /* AppDelegate.swift */,
				F9EBAD3C27DF5B32001677F8 /* Assets.xcassets */,
				F9EBAD4127DF5B32001677F8 /* Info.plist */,
			);
			path = 2FA;
			sourceTree = "<group>";
		};
		F9EBAD4827DF67AF001677F8 /* Utilities */ = {
			isa = PBXGroup;
			children = (
				F9EBAD4927DF6801001677F8 /* CustomColors.swift */,
				F99DE90127E079B600946050 /* URLHandler.swift */,
				F99DE91027E0A3B200946050 /* Constants.swift */,
			);
			path = Utilities;
			sourceTree = "<group>";
		};
		F9EBAD4C27DF69E3001677F8 /* Controllers */ = {
			isa = PBXGroup;
			children = (
				F9EBAD3727DF5B31001677F8 /* LoginViewContoller.swift */,
				F9D38E5227DF876E006500BD /* PhoneNumberViewController.swift */,
				F99DE90327E07BC500946050 /* OTPViewController.swift */,
			);
			path = Controllers;
			sourceTree = "<group>";
		};
		F9EBAD4D27DF6A00001677F8 /* Storyboards */ = {
			isa = PBXGroup;
			children = (
				F9EBAD3927DF5B31001677F8 /* Main.storyboard */,
				F9EBAD3E27DF5B32001677F8 /* LaunchScreen.storyboard */,
			);
			path = Storyboards;
			sourceTree = "<group>";
		};
		F9EBAD4E27DF6A3D001677F8 /* Helpers */ = {
			isa = PBXGroup;
			children = (
				F9EBAD4F27DF6A77001677F8 /* FAHelper.swift */,
			);
			path = Helpers;
			sourceTree = "<group>";
		};
/* End PBXGroup section */

/* Begin PBXNativeTarget section */
		F9EBAD2F27DF5B31001677F8 /* 2FA */ = {
			isa = PBXNativeTarget;
			buildConfigurationList = F9EBAD4427DF5B32001677F8 /* Build configuration list for PBXNativeTarget "2FA" */;
			buildPhases = (
				F2E1406E1BE1CED574B5A09E /* [CP] Check Pods Manifest.lock */,
				F9EBAD2C27DF5B31001677F8 /* Sources */,
				F9EBAD2D27DF5B31001677F8 /* Frameworks */,
				F9EBAD2E27DF5B31001677F8 /* Resources */,
				CED4C89966B8DA6A3ADDBC1F /* [CP] Embed Pods Frameworks */,
			);
			buildRules = (
			);
			dependencies = (
			);
			name = 2FA;
			productName = 2FA;
			productReference = F9EBAD3027DF5B31001677F8 /* 2FA.app */;
			productType = "com.apple.product-type.application";
		};
/* End PBXNativeTarget section */

/* Begin PBXProject section */
		F9EBAD2827DF5B31001677F8 /* Project object */ = {
			isa = PBXProject;
			attributes = {
				BuildIndependentTargetsInParallel = 1;
				LastSwiftUpdateCheck = 1320;
				LastUpgradeCheck = 1320;
				TargetAttributes = {
					F9EBAD2F27DF5B31001677F8 = {
						CreatedOnToolsVersion = 13.2.1;
					};
				};
			};
			buildConfigurationList = F9EBAD2B27DF5B31001677F8 /* Build configuration list for PBXProject "2FA" */;
			compatibilityVersion = "Xcode 13.0";
			developmentRegion = en;
			hasScannedForEncodings = 0;
			knownRegions = (
				en,
				Base,
			);
			mainGroup = F9EBAD2727DF5B31001677F8;
			productRefGroup = F9EBAD3127DF5B31001677F8 /* Products */;
			projectDirPath = "";
			projectRoot = "";
			targets = (
				F9EBAD2F27DF5B31001677F8 /* 2FA */,
			);
		};
/* End PBXProject section */

/* Begin PBXResourcesBuildPhase section */
		F9EBAD2E27DF5B31001677F8 /* Resources */ = {
			isa = PBXResourcesBuildPhase;
			buildActionMask = 2147483647;
			files = (
				F9EBAD4027DF5B32001677F8 /* LaunchScreen.storyboard in Resources */,
				F9EBAD3D27DF5B32001677F8 /* Assets.xcassets in Resources */,
				F9EBAD3B27DF5B31001677F8 /* Main.storyboard in Resources */,
			);
			runOnlyForDeploymentPostprocessing = 0;
		};
/* End PBXResourcesBuildPhase section */

/* Begin PBXShellScriptBuildPhase section */
		CED4C89966B8DA6A3ADDBC1F /* [CP] Embed Pods Frameworks */ = {
			isa = PBXShellScriptBuildPhase;
			buildActionMask = 2147483647;
			files = (
			);
			inputFileListPaths = (
				"${PODS_ROOT}/Target Support Files/Pods-2FA/Pods-2FA-frameworks-${CONFIGURATION}-input-files.xcfilelist",
			);
			name = "[CP] Embed Pods Frameworks";
			outputFileListPaths = (
				"${PODS_ROOT}/Target Support Files/Pods-2FA/Pods-2FA-frameworks-${CONFIGURATION}-output-files.xcfilelist",
			);
			runOnlyForDeploymentPostprocessing = 0;
			shellPath = /bin/sh;
			shellScript = "\"${PODS_ROOT}/Target Support Files/Pods-2FA/Pods-2FA-frameworks.sh\"\n";
			showEnvVarsInLog = 0;
		};
		F2E1406E1BE1CED574B5A09E /* [CP] Check Pods Manifest.lock */ = {
			isa = PBXShellScriptBuildPhase;
			buildActionMask = 2147483647;
			files = (
			);
			inputFileListPaths = (
			);
			inputPaths = (
				"${PODS_PODFILE_DIR_PATH}/Podfile.lock",
				"${PODS_ROOT}/Manifest.lock",
			);
			name = "[CP] Check Pods Manifest.lock";
			outputFileListPaths = (
			);
			outputPaths = (
				"$(DERIVED_FILE_DIR)/Pods-2FA-checkManifestLockResult.txt",
			);
			runOnlyForDeploymentPostprocessing = 0;
			shellPath = /bin/sh;
			shellScript = "diff \"${PODS_PODFILE_DIR_PATH}/Podfile.lock\" \"${PODS_ROOT}/Manifest.lock\" > /dev/null\nif [ $? != 0 ] ; then\n    # print error to STDERR\n    echo \"error: The sandbox is not in sync with the Podfile.lock. Run 'pod install' or update your CocoaPods installation.\" >&2\n    exit 1\nfi\n# This output is used by Xcode 'outputs' to avoid re-running this script phase.\necho \"SUCCESS\" > \"${SCRIPT_OUTPUT_FILE_0}\"\n";
			showEnvVarsInLog = 0;
		};
/* End PBXShellScriptBuildPhase section */

/* Begin PBXSourcesBuildPhase section */
		F9EBAD2C27DF5B31001677F8 /* Sources */ = {
			isa = PBXSourcesBuildPhase;
			buildActionMask = 2147483647;
			files = (
				F99DE91627E0B17C00946050 /* UITextfield+Additions.swift in Sources */,
				F99DE90427E07BC500946050 /* OTPViewController.swift in Sources */,
				F99DE91427E0A59800946050 /* SignUp.swift in Sources */,
				F99DE91127E0A3B200946050 /* Constants.swift in Sources */,
				F9D38E5527DF925B006500BD /* String+Additions.swift in Sources */,
				F9D38E5327DF876E006500BD /* PhoneNumberViewController.swift in Sources */,
				F9D38E4F27DF8680006500BD /* UserDefaults+Additions.swift in Sources */,
				F9EBAD5027DF6A77001677F8 /* FAHelper.swift in Sources */,
				F9D38E5727DF93CC006500BD /* UIView+Additions.swift in Sources */,
				F99DE90227E079B600946050 /* URLHandler.swift in Sources */,
				F9EBAD3827DF5B31001677F8 /* LoginViewContoller.swift in Sources */,
				F9EBAD4A27DF6801001677F8 /* CustomColors.swift in Sources */,
				F9EBAD3427DF5B31001677F8 /* AppDelegate.swift in Sources */,
			);
			runOnlyForDeploymentPostprocessing = 0;
		};
/* End PBXSourcesBuildPhase section */

/* Begin PBXVariantGroup section */
		F9EBAD3927DF5B31001677F8 /* Main.storyboard */ = {
			isa = PBXVariantGroup;
			children = (
				F9EBAD3A27DF5B31001677F8 /* Base */,
			);
			name = Main.storyboard;
			sourceTree = "<group>";
		};
		F9EBAD3E27DF5B32001677F8 /* LaunchScreen.storyboard */ = {
			isa = PBXVariantGroup;
			children = (
				F9EBAD3F27DF5B32001677F8 /* Base */,
			);
			name = LaunchScreen.storyboard;
			sourceTree = "<group>";
		};
/* End PBXVariantGroup section */

/* Begin XCBuildConfiguration section */
		F9EBAD4227DF5B32001677F8 /* Debug */ = {
			isa = XCBuildConfiguration;
			buildSettings = {
				ALWAYS_SEARCH_USER_PATHS = NO;
				CLANG_ANALYZER_NONNULL = YES;
				CLANG_ANALYZER_NUMBER_OBJECT_CONVERSION = YES_AGGRESSIVE;
				CLANG_CXX_LANGUAGE_STANDARD = "gnu++17";
				CLANG_CXX_LIBRARY = "libc++";
				CLANG_ENABLE_MODULES = YES;
				CLANG_ENABLE_OBJC_ARC = YES;
				CLANG_ENABLE_OBJC_WEAK = YES;
				CLANG_WARN_BLOCK_CAPTURE_AUTORELEASING = YES;
				CLANG_WARN_BOOL_CONVERSION = YES;
				CLANG_WARN_COMMA = YES;
				CLANG_WARN_CONSTANT_CONVERSION = YES;
				CLANG_WARN_DEPRECATED_OBJC_IMPLEMENTATIONS = YES;
				CLANG_WARN_DIRECT_OBJC_ISA_USAGE = YES_ERROR;
				CLANG_WARN_DOCUMENTATION_COMMENTS = YES;
				CLANG_WARN_EMPTY_BODY = YES;
				CLANG_WARN_ENUM_CONVERSION = YES;
				CLANG_WARN_INFINITE_RECURSION = YES;
				CLANG_WARN_INT_CONVERSION = YES;
				CLANG_WARN_NON_LITERAL_NULL_CONVERSION = YES;
				CLANG_WARN_OBJC_IMPLICIT_RETAIN_SELF = YES;
				CLANG_WARN_OBJC_LITERAL_CONVERSION = YES;
				CLANG_WARN_OBJC_ROOT_CLASS = YES_ERROR;
				CLANG_WARN_QUOTED_INCLUDE_IN_FRAMEWORK_HEADER = YES;
				CLANG_WARN_RANGE_LOOP_ANALYSIS = YES;
				CLANG_WARN_STRICT_PROTOTYPES = YES;
				CLANG_WARN_SUSPICIOUS_MOVE = YES;
				CLANG_WARN_UNGUARDED_AVAILABILITY = YES_AGGRESSIVE;
				CLANG_WARN_UNREACHABLE_CODE = YES;
				CLANG_WARN__DUPLICATE_METHOD_MATCH = YES;
				COPY_PHASE_STRIP = NO;
				DEBUG_INFORMATION_FORMAT = dwarf;
				ENABLE_STRICT_OBJC_MSGSEND = YES;
				ENABLE_TESTABILITY = YES;
				GCC_C_LANGUAGE_STANDARD = gnu11;
				GCC_DYNAMIC_NO_PIC = NO;
				GCC_NO_COMMON_BLOCKS = YES;
				GCC_OPTIMIZATION_LEVEL = 0;
				GCC_PREPROCESSOR_DEFINITIONS = (
					"DEBUG=1",
					"$(inherited)",
				);
				GCC_WARN_64_TO_32_BIT_CONVERSION = YES;
				GCC_WARN_ABOUT_RETURN_TYPE = YES_ERROR;
				GCC_WARN_UNDECLARED_SELECTOR = YES;
				GCC_WARN_UNINITIALIZED_AUTOS = YES_AGGRESSIVE;
				GCC_WARN_UNUSED_FUNCTION = YES;
				GCC_WARN_UNUSED_VARIABLE = YES;
				IPHONEOS_DEPLOYMENT_TARGET = 15.2;
				MTL_ENABLE_DEBUG_INFO = INCLUDE_SOURCE;
				MTL_FAST_MATH = YES;
				ONLY_ACTIVE_ARCH = YES;
				SDKROOT = iphoneos;
				SWIFT_ACTIVE_COMPILATION_CONDITIONS = DEBUG;
				SWIFT_OPTIMIZATION_LEVEL = "-Onone";
			};
			name = Debug;
		};
		F9EBAD4327DF5B32001677F8 /* Release */ = {
			isa = XCBuildConfiguration;
			buildSettings = {
				ALWAYS_SEARCH_USER_PATHS = NO;
				CLANG_ANALYZER_NONNULL = YES;
				CLANG_ANALYZER_NUMBER_OBJECT_CONVERSION = YES_AGGRESSIVE;
				CLANG_CXX_LANGUAGE_STANDARD = "gnu++17";
				CLANG_CXX_LIBRARY = "libc++";
				CLANG_ENABLE_MODULES = YES;
				CLANG_ENABLE_OBJC_ARC = YES;
				CLANG_ENABLE_OBJC_WEAK = YES;
				CLANG_WARN_BLOCK_CAPTURE_AUTORELEASING = YES;
				CLANG_WARN_BOOL_CONVERSION = YES;
				CLANG_WARN_COMMA = YES;
				CLANG_WARN_CONSTANT_CONVERSION = YES;
				CLANG_WARN_DEPRECATED_OBJC_IMPLEMENTATIONS = YES;
				CLANG_WARN_DIRECT_OBJC_ISA_USAGE = YES_ERROR;
				CLANG_WARN_DOCUMENTATION_COMMENTS = YES;
				CLANG_WARN_EMPTY_BODY = YES;
				CLANG_WARN_ENUM_CONVERSION = YES;
				CLANG_WARN_INFINITE_RECURSION = YES;
				CLANG_WARN_INT_CONVERSION = YES;
				CLANG_WARN_NON_LITERAL_NULL_CONVERSION = YES;
				CLANG_WARN_OBJC_IMPLICIT_RETAIN_SELF = YES;
				CLANG_WARN_OBJC_LITERAL_CONVERSION = YES;
				CLANG_WARN_OBJC_ROOT_CLASS = YES_ERROR;
				CLANG_WARN_QUOTED_INCLUDE_IN_FRAMEWORK_HEADER = YES;
				CLANG_WARN_RANGE_LOOP_ANALYSIS = YES;
				CLANG_WARN_STRICT_PROTOTYPES = YES;
				CLANG_WARN_SUSPICIOUS_MOVE = YES;
				CLANG_WARN_UNGUARDED_AVAILABILITY = YES_AGGRESSIVE;
				CLANG_WARN_UNREACHABLE_CODE = YES;
				CLANG_WARN__DUPLICATE_METHOD_MATCH = YES;
				COPY_PHASE_STRIP = NO;
				DEBUG_INFORMATION_FORMAT = "dwarf-with-dsym";
				ENABLE_NS_ASSERTIONS = NO;
				ENABLE_STRICT_OBJC_MSGSEND = YES;
				GCC_C_LANGUAGE_STANDARD = gnu11;
				GCC_NO_COMMON_BLOCKS = YES;
				GCC_WARN_64_TO_32_BIT_CONVERSION = YES;
				GCC_WARN_ABOUT_RETURN_TYPE = YES_ERROR;
				GCC_WARN_UNDECLARED_SELECTOR = YES;
				GCC_WARN_UNINITIALIZED_AUTOS = YES_AGGRESSIVE;
				GCC_WARN_UNUSED_FUNCTION = YES;
				GCC_WARN_UNUSED_VARIABLE = YES;
				IPHONEOS_DEPLOYMENT_TARGET = 15.2;
				MTL_ENABLE_DEBUG_INFO = NO;
				MTL_FAST_MATH = YES;
				SDKROOT = iphoneos;
				SWIFT_COMPILATION_MODE = wholemodule;
				SWIFT_OPTIMIZATION_LEVEL = "-O";
				VALIDATE_PRODUCT = YES;
			};
			name = Release;
		};
		F9EBAD4527DF5B32001677F8 /* Debug */ = {
			isa = XCBuildConfiguration;
			baseConfigurationReference = DB70866092EC5CACF84226FA /* Pods-2FA.debug.xcconfig */;
			buildSettings = {
				ASSETCATALOG_COMPILER_APPICON_NAME = AppIcon;
				ASSETCATALOG_COMPILER_GLOBAL_ACCENT_COLOR_NAME = AccentColor;
				CODE_SIGN_STYLE = Automatic;
				CURRENT_PROJECT_VERSION = 1;
				DEVELOPMENT_TEAM = "";
				GENERATE_INFOPLIST_FILE = YES;
				INFOPLIST_FILE = 2FA/Info.plist;
				INFOPLIST_KEY_UIApplicationSupportsIndirectInputEvents = YES;
				INFOPLIST_KEY_UILaunchStoryboardName = LaunchScreen;
				INFOPLIST_KEY_UIMainStoryboardFile = Main;
				INFOPLIST_KEY_UISupportedInterfaceOrientations_iPad = "UIInterfaceOrientationPortrait UIInterfaceOrientationPortraitUpsideDown UIInterfaceOrientationLandscapeLeft UIInterfaceOrientationLandscapeRight";
				INFOPLIST_KEY_UISupportedInterfaceOrientations_iPhone = "UIInterfaceOrientationPortrait UIInterfaceOrientationLandscapeLeft UIInterfaceOrientationLandscapeRight";
				LD_RUNPATH_SEARCH_PATHS = (
					"$(inherited)",
					"@executable_path/Frameworks",
				);
				MARKETING_VERSION = 1.0;
				PRODUCT_BUNDLE_IDENTIFIER = "com.example.-FA";
				PRODUCT_NAME = "$(TARGET_NAME)";
				SWIFT_EMIT_LOC_STRINGS = YES;
				SWIFT_VERSION = 5.0;
				TARGETED_DEVICE_FAMILY = "1,2";
			};
			name = Debug;
		};
		F9EBAD4627DF5B32001677F8 /* Release */ = {
			isa = XCBuildConfiguration;
			baseConfigurationReference = 1D79429CAEE1D1F3DB2DCE26 /* Pods-2FA.release.xcconfig */;
			buildSettings = {
				ASSETCATALOG_COMPILER_APPICON_NAME = AppIcon;
				ASSETCATALOG_COMPILER_GLOBAL_ACCENT_COLOR_NAME = AccentColor;
				CODE_SIGN_STYLE = Automatic;
				CURRENT_PROJECT_VERSION = 1;
				DEVELOPMENT_TEAM = "";
				GENERATE_INFOPLIST_FILE = YES;
				INFOPLIST_FILE = 2FA/Info.plist;
				INFOPLIST_KEY_UIApplicationSupportsIndirectInputEvents = YES;
				INFOPLIST_KEY_UILaunchStoryboardName = LaunchScreen;
				INFOPLIST_KEY_UIMainStoryboardFile = Main;
				INFOPLIST_KEY_UISupportedInterfaceOrientations_iPad = "UIInterfaceOrientationPortrait UIInterfaceOrientationPortraitUpsideDown UIInterfaceOrientationLandscapeLeft UIInterfaceOrientationLandscapeRight";
				INFOPLIST_KEY_UISupportedInterfaceOrientations_iPhone = "UIInterfaceOrientationPortrait UIInterfaceOrientationLandscapeLeft UIInterfaceOrientationLandscapeRight";
				LD_RUNPATH_SEARCH_PATHS = (
					"$(inherited)",
					"@executable_path/Frameworks",
				);
				MARKETING_VERSION = 1.0;
				PRODUCT_BUNDLE_IDENTIFIER = "com.example.-FA";
				PRODUCT_NAME = "$(TARGET_NAME)";
				SWIFT_EMIT_LOC_STRINGS = YES;
				SWIFT_VERSION = 5.0;
				TARGETED_DEVICE_FAMILY = "1,2";
			};
			name = Release;
		};
/* End XCBuildConfiguration section */

/* Begin XCConfigurationList section */
		F9EBAD2B27DF5B31001677F8 /* Build configuration list for PBXProject "2FA" */ = {
			isa = XCConfigurationList;
			buildConfigurations = (
				F9EBAD4227DF5B32001677F8 /* Debug */,
				F9EBAD4327DF5B32001677F8 /* Release */,
			);
			defaultConfigurationIsVisible = 0;
			defaultConfigurationName = Release;
		};
		F9EBAD4427DF5B32001677F8 /* Build configuration list for PBXNativeTarget "2FA" */ = {
			isa = XCConfigurationList;
			buildConfigurations = (
				F9EBAD4527DF5B32001677F8 /* Debug */,
				F9EBAD4627DF5B32001677F8 /* Release */,
			);
			defaultConfigurationIsVisible = 0;
			defaultConfigurationName = Release;
		};
/* End XCConfigurationList section */
	};
	rootObject = F9EBAD2827DF5B31001677F8 /* Project object */;
}
